
Microsoft Visual Studio Solution File, Format Version 12.00
# Visual Studio Version 17
VisualStudioVersion = 17.2.32526.322
MinimumVisualStudioVersion = 10.0.40219.1
Project("{2150E333-8FDC-42A3-9474-1A3956D46DE8}") = "Services", "Services", "{61BBED76-9B75-43E7-8F3F-A6DCDB4CA77F}"
EndProject
Project("{2150E333-8FDC-42A3-9474-1A3956D46DE8}") = "Catalog", "Catalog", "{46FCE1D8-33EF-44D1-8D14-CD16D589773D}"
EndProject
Project("{9A19103F-16F7-4668-BE54-9A1E7A4F7556}") = "Catalog.API", "Services\Catalog\Catalog.API\Catalog.API.csproj", "{EC588178-6C51-4CD9-BE0D-5D91284D875D}"
EndProject
Project("{E53339B2-1760-4266-BCC7-CA923CBCF16C}") = "docker-compose", "docker-compose.dcproj", "{869106CE-1ACB-4B24-B1C5-E2F6DC61552B}"
EndProject
Project("{2150E333-8FDC-42A3-9474-1A3956D46DE8}") = "Basket", "Basket", "{9F533A98-F344-4A3C-9579-109F65A239EB}"
EndProject
Project("{9A19103F-16F7-4668-BE54-9A1E7A4F7556}") = "Basket.API", "Services\Basket\Basket.API\Basket.API.csproj", "{9A84322F-006B-489F-9A7C-1113A95C25E9}"
EndProject
Project("{2150E333-8FDC-42A3-9474-1A3956D46DE8}") = "Discount", "Discount", "{9BA97319-53C9-4808-9C37-837E93A29758}"
EndProject
Project("{9A19103F-16F7-4668-BE54-9A1E7A4F7556}") = "Discount.API", "Services\Discount\Discount.API\Discount.API.csproj", "{E8845500-8CDE-4615-BE48-D7288C140F8B}"
EndProject
Project("{9A19103F-16F7-4668-BE54-9A1E7A4F7556}") = "Discount.Grpc", "Services\Discount\Discount.Grpc\Discount.Grpc.csproj", "{F52F660C-DEF6-40E6-A275-991BDFAC7109}"
EndProject
Project("{2150E333-8FDC-42A3-9474-1A3956D46DE8}") = "Ordering", "Ordering", "{B9A8BDF6-9AC8-4CE0-AE6B-52407B611BEF}"
EndProject
Project("{9A19103F-16F7-4668-BE54-9A1E7A4F7556}") = "Ordering.API", "Services\Ordering\Ordering.API\Ordering.API.csproj", "{2105C54E-5C0A-48E8-A075-0CDA7304C7C0}"
EndProject
Project("{9A19103F-16F7-4668-BE54-9A1E7A4F7556}") = "Ordering.Domain", "Services\Ordering\Ordering.Domain\Ordering.Domain.csproj", "{F8DBB196-0006-412A-8638-FA89561BE472}"
EndProject
Project("{9A19103F-16F7-4668-BE54-9A1E7A4F7556}") = "Ordering.Application", "Services\Ordering\Ordering.Application\Ordering.Application.csproj", "{04C72F9E-D489-45B9-AB9F-2CA64215B1BE}"
EndProject
Project("{9A19103F-16F7-4668-BE54-9A1E7A4F7556}") = "Ordering.Infrastructure", "Services\Ordering\Ordering.Infrastructure\Ordering.Infrastructure.csproj", "{ADF5C132-4C87-41A8-967C-FCD6A050635E}"
EndProject
Project("{2150E333-8FDC-42A3-9474-1A3956D46DE8}") = "BuildingBlocks", "BuildingBlocks", "{21AC28E0-F243-42FC-BEE6-2C50BD96E8A5}"
EndProject
Project("{9A19103F-16F7-4668-BE54-9A1E7A4F7556}") = "EventBus.Messages", "BuildingBlocks\EventBus.Messages\EventBus.Messages.csproj", "{092ED8BB-9269-41FC-B881-3DACFB889F73}"
EndProject
Project("{2150E333-8FDC-42A3-9474-1A3956D46DE8}") = "ApiGateways", "ApiGateways", "{BC694604-1928-4817-AA40-DF9D94A99CAF}"
EndProject
Project("{FAE04EC0-301F-11D3-BF4B-00C04F79EFBC}") = "OcelotApiGw", "ApiGateways\OcelotApiGw\OcelotApiGw.csproj", "{FBC3FE4C-FE32-40A8-886E-7EB05B3F97A5}"
EndProject
Global
	GlobalSection(SolutionConfigurationPlatforms) = preSolution
		Debug|Any CPU = Debug|Any CPU
		Release|Any CPU = Release|Any CPU
	EndGlobalSection
	GlobalSection(ProjectConfigurationPlatforms) = postSolution
		{EC588178-6C51-4CD9-BE0D-5D91284D875D}.Debug|Any CPU.ActiveCfg = Debug|Any CPU
		{EC588178-6C51-4CD9-BE0D-5D91284D875D}.Debug|Any CPU.Build.0 = Debug|Any CPU
		{EC588178-6C51-4CD9-BE0D-5D91284D875D}.Release|Any CPU.ActiveCfg = Release|Any CPU
		{EC588178-6C51-4CD9-BE0D-5D91284D875D}.Release|Any CPU.Build.0 = Release|Any CPU
		{869106CE-1ACB-4B24-B1C5-E2F6DC61552B}.Debug|Any CPU.ActiveCfg = Debug|Any CPU
		{869106CE-1ACB-4B24-B1C5-E2F6DC61552B}.Debug|Any CPU.Build.0 = Debug|Any CPU
		{869106CE-1ACB-4B24-B1C5-E2F6DC61552B}.Release|Any CPU.ActiveCfg = Release|Any CPU
		{869106CE-1ACB-4B24-B1C5-E2F6DC61552B}.Release|Any CPU.Build.0 = Release|Any CPU
		{9A84322F-006B-489F-9A7C-1113A95C25E9}.Debug|Any CPU.ActiveCfg = Debug|Any CPU
		{9A84322F-006B-489F-9A7C-1113A95C25E9}.Debug|Any CPU.Build.0 = Debug|Any CPU
		{9A84322F-006B-489F-9A7C-1113A95C25E9}.Release|Any CPU.ActiveCfg = Release|Any CPU
		{9A84322F-006B-489F-9A7C-1113A95C25E9}.Release|Any CPU.Build.0 = Release|Any CPU
		{E8845500-8CDE-4615-BE48-D7288C140F8B}.Debug|Any CPU.ActiveCfg = Debug|Any CPU
		{E8845500-8CDE-4615-BE48-D7288C140F8B}.Debug|Any CPU.Build.0 = Debug|Any CPU
		{E8845500-8CDE-4615-BE48-D7288C140F8B}.Release|Any CPU.ActiveCfg = Release|Any CPU
		{E8845500-8CDE-4615-BE48-D7288C140F8B}.Release|Any CPU.Build.0 = Release|Any CPU
		{F52F660C-DEF6-40E6-A275-991BDFAC7109}.Debug|Any CPU.ActiveCfg = Debug|Any CPU
		{F52F660C-DEF6-40E6-A275-991BDFAC7109}.Debug|Any CPU.Build.0 = Debug|Any CPU
		{F52F660C-DEF6-40E6-A275-991BDFAC7109}.Release|Any CPU.ActiveCfg = Release|Any CPU
		{F52F660C-DEF6-40E6-A275-991BDFAC7109}.Release|Any CPU.Build.0 = Release|Any CPU
		{2105C54E-5C0A-48E8-A075-0CDA7304C7C0}.Debug|Any CPU.ActiveCfg = Debug|Any CPU
		{2105C54E-5C0A-48E8-A075-0CDA7304C7C0}.Debug|Any CPU.Build.0 = Debug|Any CPU
		{2105C54E-5C0A-48E8-A075-0CDA7304C7C0}.Release|Any CPU.ActiveCfg = Release|Any CPU
		{2105C54E-5C0A-48E8-A075-0CDA7304C7C0}.Release|Any CPU.Build.0 = Release|Any CPU
		{F8DBB196-0006-412A-8638-FA89561BE472}.Debug|Any CPU.ActiveCfg = Debug|Any CPU
		{F8DBB196-0006-412A-8638-FA89561BE472}.Debug|Any CPU.Build.0 = Debug|Any CPU
		{F8DBB196-0006-412A-8638-FA89561BE472}.Release|Any CPU.ActiveCfg = Release|Any CPU
		{F8DBB196-0006-412A-8638-FA89561BE472}.Release|Any CPU.Build.0 = Release|Any CPU
		{04C72F9E-D489-45B9-AB9F-2CA64215B1BE}.Debug|Any CPU.ActiveCfg = Debug|Any CPU
		{04C72F9E-D489-45B9-AB9F-2CA64215B1BE}.Debug|Any CPU.Build.0 = Debug|Any CPU
		{04C72F9E-D489-45B9-AB9F-2CA64215B1BE}.Release|Any CPU.ActiveCfg = Release|Any CPU
		{04C72F9E-D489-45B9-AB9F-2CA64215B1BE}.Release|Any CPU.Build.0 = Release|Any CPU
		{ADF5C132-4C87-41A8-967C-FCD6A050635E}.Debug|Any CPU.ActiveCfg = Debug|Any CPU
		{ADF5C132-4C87-41A8-967C-FCD6A050635E}.Debug|Any CPU.Build.0 = Debug|Any CPU
		{ADF5C132-4C87-41A8-967C-FCD6A050635E}.Release|Any CPU.ActiveCfg = Release|Any CPU
		{ADF5C132-4C87-41A8-967C-FCD6A050635E}.Release|Any CPU.Build.0 = Release|Any CPU
		{092ED8BB-9269-41FC-B881-3DACFB889F73}.Debug|Any CPU.ActiveCfg = Debug|Any CPU
		{092ED8BB-9269-41FC-B881-3DACFB889F73}.Debug|Any CPU.Build.0 = Debug|Any CPU
		{092ED8BB-9269-41FC-B881-3DACFB889F73}.Release|Any CPU.ActiveCfg = Release|Any CPU
		{092ED8BB-9269-41FC-B881-3DACFB889F73}.Release|Any CPU.Build.0 = Release|Any CPU
		{FBC3FE4C-FE32-40A8-886E-7EB05B3F97A5}.Debug|Any CPU.ActiveCfg = Debug|Any CPU
		{FBC3FE4C-FE32-40A8-886E-7EB05B3F97A5}.Debug|Any CPU.Build.0 = Debug|Any CPU
		{FBC3FE4C-FE32-40A8-886E-7EB05B3F97A5}.Release|Any CPU.ActiveCfg = Release|Any CPU
		{FBC3FE4C-FE32-40A8-886E-7EB05B3F97A5}.Release|Any CPU.Build.0 = Release|Any CPU
	EndGlobalSection
	GlobalSection(SolutionProperties) = preSolution
		HideSolutionNode = FALSE
	EndGlobalSection
	GlobalSection(NestedProjects) = preSolution
		{46FCE1D8-33EF-44D1-8D14-CD16D589773D} = {61BBED76-9B75-43E7-8F3F-A6DCDB4CA77F}
		{EC588178-6C51-4CD9-BE0D-5D91284D875D} = {46FCE1D8-33EF-44D1-8D14-CD16D589773D}
		{9F533A98-F344-4A3C-9579-109F65A239EB} = {61BBED76-9B75-43E7-8F3F-A6DCDB4CA77F}
		{9A84322F-006B-489F-9A7C-1113A95C25E9} = {9F533A98-F344-4A3C-9579-109F65A239EB}
		{9BA97319-53C9-4808-9C37-837E93A29758} = {61BBED76-9B75-43E7-8F3F-A6DCDB4CA77F}
		{E8845500-8CDE-4615-BE48-D7288C140F8B} = {9BA97319-53C9-4808-9C37-837E93A29758}
		{F52F660C-DEF6-40E6-A275-991BDFAC7109} = {9BA97319-53C9-4808-9C37-837E93A29758}
		{B9A8BDF6-9AC8-4CE0-AE6B-52407B611BEF} = {61BBED76-9B75-43E7-8F3F-A6DCDB4CA77F}
		{2105C54E-5C0A-48E8-A075-0CDA7304C7C0} = {B9A8BDF6-9AC8-4CE0-AE6B-52407B611BEF}
		{F8DBB196-0006-412A-8638-FA89561BE472} = {B9A8BDF6-9AC8-4CE0-AE6B-52407B611BEF}
		{04C72F9E-D489-45B9-AB9F-2CA64215B1BE} = {B9A8BDF6-9AC8-4CE0-AE6B-52407B611BEF}
		{ADF5C132-4C87-41A8-967C-FCD6A050635E} = {B9A8BDF6-9AC8-4CE0-AE6B-52407B611BEF}
		{092ED8BB-9269-41FC-B881-3DACFB889F73} = {21AC28E0-F243-42FC-BEE6-2C50BD96E8A5}
		{FBC3FE4C-FE32-40A8-886E-7EB05B3F97A5} = {BC694604-1928-4817-AA40-DF9D94A99CAF}
	EndGlobalSection
	GlobalSection(ExtensibilityGlobals) = postSolution
		SolutionGuid = {193CE3B9-6D5E-4FF0-B6B1-7E8294A8DF3E}
	EndGlobalSection
EndGlobal
